
Microsoft Visual Studio Solution File, Format Version 11.00
# Visual Studio 2010
Project("{FAE04EC0-301F-11D3-BF4B-00C04F79EFBC}") = "ClassLibrary", "ClassLibrary\ClassLibrary.csproj", "{486146FB-C7DA-419F-BC4F-FDEF32CD3EAC}"
EndProject
Project("{FAE04EC0-301F-11D3-BF4B-00C04F79EFBC}") = "DYitj", "DYitj\DYitj.csproj", "{14091432-7795-4820-9562-16994D4603BE}"
EndProject
Project("{FAE04EC0-301F-11D3-BF4B-00C04F79EFBC}") = "ThreadMessaging", "ThreadMessaging.1.0-src\ThreadMessaging.csproj", "{002B0EF1-2373-46F9-BB22-64C772764C1F}"
EndProject
Project("{FAE04EC0-301F-11D3-BF4B-00C04F79EFBC}") = "DYSeriesDataSet", "DataSet\DYSeriesDataSet.csproj", "{59D197BE-2ADE-42D0-B089-CF975DEC3F53}"
EndProject
Project("{FAE04EC0-301F-11D3-BF4B-00C04F79EFBC}") = "AutoUpdate", "AutoUpdate\AutoUpdate.csproj", "{300DF611-E6A4-447F-86CB-FD409C50CE8A}"
EndProject
Project("{FAE04EC0-301F-11D3-BF4B-00C04F79EFBC}") = "AutoUpdate_CreateXml", "AutoUpdate_CreateXml\AutoUpdate_CreateXml.csproj", "{61805B3B-8E64-4223-90FF-C5D2BAB60D00}"
EndProject
Global
	GlobalSection(SolutionConfigurationPlatforms) = preSolution
		Debug|Any CPU = Debug|Any CPU
		Debug|Mixed Platforms = Debug|Mixed Platforms
		Debug|x86 = Debug|x86
		Release|Any CPU = Release|Any CPU
		Release|Mixed Platforms = Release|Mixed Platforms
		Release|x86 = Release|x86
	EndGlobalSection
	GlobalSection(ProjectConfigurationPlatforms) = postSolution
		{486146FB-C7DA-419F-BC4F-FDEF32CD3EAC}.Debug|Any CPU.ActiveCfg = Debug|Any CPU
		{486146FB-C7DA-419F-BC4F-FDEF32CD3EAC}.Debug|Any CPU.Build.0 = Debug|Any CPU
		{486146FB-C7DA-419F-BC4F-FDEF32CD3EAC}.Debug|Mixed Platforms.ActiveCfg = Debug|Any CPU
		{486146FB-C7DA-419F-BC4F-FDEF32CD3EAC}.Debug|Mixed Platforms.Build.0 = Debug|Any CPU
		{486146FB-C7DA-419F-BC4F-FDEF32CD3EAC}.Debug|x86.ActiveCfg = Debug|Any CPU
		{486146FB-C7DA-419F-BC4F-FDEF32CD3EAC}.Release|Any CPU.ActiveCfg = Release|Any CPU
		{486146FB-C7DA-419F-BC4F-FDEF32CD3EAC}.Release|Any CPU.Build.0 = Release|Any CPU
		{486146FB-C7DA-419F-BC4F-FDEF32CD3EAC}.Release|Mixed Platforms.ActiveCfg = Release|Any CPU
		{486146FB-C7DA-419F-BC4F-FDEF32CD3EAC}.Release|Mixed Platforms.Build.0 = Release|Any CPU
		{486146FB-C7DA-419F-BC4F-FDEF32CD3EAC}.Release|x86.ActiveCfg = Release|Any CPU
		{14091432-7795-4820-9562-16994D4603BE}.Debug|Any CPU.ActiveCfg = Debug|Any CPU
		{14091432-7795-4820-9562-16994D4603BE}.Debug|Any CPU.Build.0 = Debug|Any CPU
		{14091432-7795-4820-9562-16994D4603BE}.Debug|Mixed Platforms.ActiveCfg = Debug|Any CPU
		{14091432-7795-4820-9562-16994D4603BE}.Debug|Mixed Platforms.Build.0 = Debug|Any CPU
		{14091432-7795-4820-9562-16994D4603BE}.Debug|x86.ActiveCfg = Debug|Any CPU
		{14091432-7795-4820-9562-16994D4603BE}.Release|Any CPU.ActiveCfg = Release|Any CPU
		{14091432-7795-4820-9562-16994D4603BE}.Release|Any CPU.Build.0 = Release|Any CPU
		{14091432-7795-4820-9562-16994D4603BE}.Release|Mixed Platforms.ActiveCfg = Release|Any CPU
		{14091432-7795-4820-9562-16994D4603BE}.Release|Mixed Platforms.Build.0 = Release|Any CPU
		{14091432-7795-4820-9562-16994D4603BE}.Release|x86.ActiveCfg = Release|Any CPU
		{002B0EF1-2373-46F9-BB22-64C772764C1F}.Debug|Any CPU.ActiveCfg = Debug|Any CPU
		{002B0EF1-2373-46F9-BB22-64C772764C1F}.Debug|Any CPU.Build.0 = Debug|Any CPU
		{002B0EF1-2373-46F9-BB22-64C772764C1F}.Debug|Mixed Platforms.ActiveCfg = Debug|Any CPU
		{002B0EF1-2373-46F9-BB22-64C772764C1F}.Debug|Mixed Platforms.Build.0 = Debug|Any CPU
		{002B0EF1-2373-46F9-BB22-64C772764C1F}.Debug|x86.ActiveCfg = Debug|Any CPU
		{002B0EF1-2373-46F9-BB22-64C772764C1F}.Release|Any CPU.ActiveCfg = Release|Any CPU
		{002B0EF1-2373-46F9-BB22-64C772764C1F}.Release|Any CPU.Build.0 = Release|Any CPU
		{002B0EF1-2373-46F9-BB22-64C772764C1F}.Release|Mixed Platforms.ActiveCfg = Release|Any CPU
		{002B0EF1-2373-46F9-BB22-64C772764C1F}.Release|Mixed Platforms.Build.0 = Release|Any CPU
		{002B0EF1-2373-46F9-BB22-64C772764C1F}.Release|x86.ActiveCfg = Release|Any CPU
		{59D197BE-2ADE-42D0-B089-CF975DEC3F53}.Debug|Any CPU.ActiveCfg = Debug|Any CPU
		{59D197BE-2ADE-42D0-B089-CF975DEC3F53}.Debug|Any CPU.Build.0 = Debug|Any CPU
		{59D197BE-2ADE-42D0-B089-CF975DEC3F53}.Debug|Mixed Platforms.ActiveCfg = Debug|Any CPU
		{59D197BE-2ADE-42D0-B089-CF975DEC3F53}.Debug|Mixed Platforms.Build.0 = Debug|Any CPU
		{59D197BE-2ADE-42D0-B089-CF975DEC3F53}.Debug|x86.ActiveCfg = Debug|Any CPU
		{59D197BE-2ADE-42D0-B089-CF975DEC3F53}.Release|Any CPU.ActiveCfg = Release|Any CPU
		{59D197BE-2ADE-42D0-B089-CF975DEC3F53}.Release|Any CPU.Build.0 = Release|Any CPU
		{59D197BE-2ADE-42D0-B089-CF975DEC3F53}.Release|Mixed Platforms.ActiveCfg = Release|Any CPU
		{59D197BE-2ADE-42D0-B089-CF975DEC3F53}.Release|Mixed Platforms.Build.0 = Release|Any CPU
		{59D197BE-2ADE-42D0-B089-CF975DEC3F53}.Release|x86.ActiveCfg = Release|Any CPU
		{300DF611-E6A4-447F-86CB-FD409C50CE8A}.Debug|Any CPU.ActiveCfg = Debug|Any CPU
		{300DF611-E6A4-447F-86CB-FD409C50CE8A}.Debug|Any CPU.Build.0 = Debug|Any CPU
		{300DF611-E6A4-447F-86CB-FD409C50CE8A}.Debug|Mixed Platforms.ActiveCfg = Debug|Any CPU
		{300DF611-E6A4-447F-86CB-FD409C50CE8A}.Debug|Mixed Platforms.Build.0 = Debug|Any CPU
		{300DF611-E6A4-447F-86CB-FD409C50CE8A}.Debug|x86.ActiveCfg = Debug|Any CPU
		{300DF611-E6A4-447F-86CB-FD409C50CE8A}.Release|Any CPU.ActiveCfg = Release|Any CPU
		{300DF611-E6A4-447F-86CB-FD409C50CE8A}.Release|Any CPU.Build.0 = Release|Any CPU
		{300DF611-E6A4-447F-86CB-FD409C50CE8A}.Release|Mixed Platforms.ActiveCfg = Release|Any CPU
		{300DF611-E6A4-447F-86CB-FD409C50CE8A}.Release|Mixed Platforms.Build.0 = Release|Any CPU
		{300DF611-E6A4-447F-86CB-FD409C50CE8A}.Release|x86.ActiveCfg = Release|Any CPU
		{61805B3B-8E64-4223-90FF-C5D2BAB60D00}.Debug|Any CPU.ActiveCfg = Debug|Any CPU
		{61805B3B-8E64-4223-90FF-C5D2BAB60D00}.Debug|Any CPU.Build.0 = Debug|Any CPU
		{61805B3B-8E64-4223-90FF-C5D2BAB60D00}.Debug|Mixed Platforms.ActiveCfg = Debug|Any CPU
		{61805B3B-8E64-4223-90FF-C5D2BAB60D00}.Debug|Mixed Platforms.Build.0 = Debug|Any CPU
		{61805B3B-8E64-4223-90FF-C5D2BAB60D00}.Debug|x86.ActiveCfg = Debug|Any CPU
		{61805B3B-8E64-4223-90FF-C5D2BAB60D00}.Release|Any CPU.ActiveCfg = Release|Any CPU
		{61805B3B-8E64-4223-90FF-C5D2BAB60D00}.Release|Any CPU.Build.0 = Release|Any CPU
		{61805B3B-8E64-4223-90FF-C5D2BAB60D00}.Release|Mixed Platforms.ActiveCfg = Release|Any CPU
		{61805B3B-8E64-4223-90FF-C5D2BAB60D00}.Release|Mixed Platforms.Build.0 = Release|Any CPU
		{61805B3B-8E64-4223-90FF-C5D2BAB60D00}.Release|x86.ActiveCfg = Release|Any CPU
	EndGlobalSection
	GlobalSection(SolutionProperties) = preSolution
		HideSolutionNode = FALSE
	EndGlobalSection
	GlobalSection(SubversionScc) = preSolution
		Svn-Managed = True
		Manager = AnkhSVN - Subversion Support for Visual Studio
	EndGlobalSection
EndGlobal
