
Microsoft Visual Studio Solution File, Format Version 12.00
# Visual Studio 2013
VisualStudioVersion = 12.0.30501.0
MinimumVisualStudioVersion = 10.0.40219.1
Project("{FAE04EC0-301F-11D3-BF4B-00C04F79EFBC}") = "ADBtest", "WindowsFormsApplication1\ADBtest.csproj", "{CA73CE5C-67D6-4642-B287-F01F35BA2439}"
EndProject
Global
	GlobalSection(SolutionConfigurationPlatforms) = preSolution
		Debug|Any CPU = Debug|Any CPU
		Release|Any CPU = Release|Any CPU
	EndGlobalSection
	GlobalSection(ProjectConfigurationPlatforms) = postSolution
		{CA73CE5C-67D6-4642-B287-F01F35BA2439}.Debug|Any CPU.ActiveCfg = Debug|Any CPU
		{CA73CE5C-67D6-4642-B287-F01F35BA2439}.Debug|Any CPU.Build.0 = Debug|Any CPU
		{CA73CE5C-67D6-4642-B287-F01F35BA2439}.Release|Any CPU.ActiveCfg = Release|Any CPU
		{CA73CE5C-67D6-4642-B287-F01F35BA2439}.Release|Any CPU.Build.0 = Release|Any CPU
	EndGlobalSection
	GlobalSection(SolutionProperties) = preSolution
		HideSolutionNode = FALSE
	EndGlobalSection
EndGlobal
