Microsoft Visual Studio Solution File, Format Version 11.00
# Visual Studio 2010
Project("{FAE04EC0-301F-11D3-BF4B-00C04F79EFBC}") = "CommBase", "CommBase\CommBase.csproj", "{E65E4BF6-1EDC-450F-91DB-069168CE0456}"
EndProject
Project("{FAE04EC0-301F-11D3-BF4B-00C04F79EFBC}") = "AutoUpdate", "AutoUpdate\AutoUpdate.csproj", "{9FF13DC3-C14C-4CF7-9E41-70F5ABA25925}"
EndProject
Project("{FAE04EC0-301F-11D3-BF4B-00C04F79EFBC}") = "FoodClientTools", "FoodClientTools\FoodClientTools.csproj", "{DDD29A70-6F70-499C-9AE9-2A024449FB8E}"
EndProject
Project("{FAE04EC0-301F-11D3-BF4B-00C04F79EFBC}") = "DY.FoodClientLib", "DY.FoodClientLib\DY.FoodClientLib.csproj", "{A740018B-A2CC-47B8-AB35-60E2759AA9AC}"
EndProject
Project("{FAE04EC0-301F-11D3-BF4B-00C04F79EFBC}") = "FoodClient", "FoodClient\FoodClient.csproj", "{11D286CB-520E-49AD-9E49-008F39EC4E57}"
EndProject
Project("{FAE04EC0-301F-11D3-BF4B-00C04F79EFBC}") = "DY.Process", "DY.Process\DY.Process.csproj", "{98BC9749-DA7E-4080-8F33-BF4CDBA9E446}"
EndProject
Project("{FAE04EC0-301F-11D3-BF4B-00C04F79EFBC}") = "LicensesTool", "LicensesTool\LicensesTool.csproj", "{6C31551C-21F8-4F04-B98B-569A214417A0}"
EndProject
Project("{54435603-DBB4-11D2-8724-00A0C9A8B90C}") = "LatestSetup", "LatestSetup\LatestSetup.vdproj", "{0B18A4B5-1586-4FF7-8296-18197204F03B}"
EndProject
Project("{2150E333-8FDC-42A3-9474-1A3956D46DE8}") = "NewFolder1", "NewFolder1", "{8F4C7A4E-0763-4FA6-8590-ADA13A81F78B}"
EndProject
Global
	GlobalSection(SubversionScc) = preSolution
		Svn-Managed = True
		Manager = AnkhSVN - Subversion Support for Visual Studio
	EndGlobalSection
	GlobalSection(SolutionConfigurationPlatforms) = preSolution
		Debug|Any CPU = Debug|Any CPU
		Debug|Mixed Platforms = Debug|Mixed Platforms
		Debug|x86 = Debug|x86
		DebugLocal|Any CPU = DebugLocal|Any CPU
		DebugLocal|Mixed Platforms = DebugLocal|Mixed Platforms
		DebugLocal|x86 = DebugLocal|x86
		Production|Any CPU = Production|Any CPU
		Production|Mixed Platforms = Production|Mixed Platforms
		Production|x86 = Production|x86
		Release|Any CPU = Release|Any CPU
		Release|Mixed Platforms = Release|Mixed Platforms
		Release|x86 = Release|x86
	EndGlobalSection
	GlobalSection(ProjectConfigurationPlatforms) = postSolution
		{E65E4BF6-1EDC-450F-91DB-069168CE0456}.Debug|Any CPU.ActiveCfg = Debug|Any CPU
		{E65E4BF6-1EDC-450F-91DB-069168CE0456}.Debug|Any CPU.Build.0 = Debug|Any CPU
		{E65E4BF6-1EDC-450F-91DB-069168CE0456}.Debug|Mixed Platforms.ActiveCfg = Debug|Any CPU
		{E65E4BF6-1EDC-450F-91DB-069168CE0456}.Debug|Mixed Platforms.Build.0 = Debug|Any CPU
		{E65E4BF6-1EDC-450F-91DB-069168CE0456}.Debug|x86.ActiveCfg = Debug|Any CPU
		{E65E4BF6-1EDC-450F-91DB-069168CE0456}.Debug|x86.Build.0 = Debug|Any CPU
		{E65E4BF6-1EDC-450F-91DB-069168CE0456}.DebugLocal|Any CPU.ActiveCfg = Debug|Any CPU
		{E65E4BF6-1EDC-450F-91DB-069168CE0456}.DebugLocal|Any CPU.Build.0 = Debug|Any CPU
		{E65E4BF6-1EDC-450F-91DB-069168CE0456}.DebugLocal|Mixed Platforms.ActiveCfg = Debug|Any CPU
		{E65E4BF6-1EDC-450F-91DB-069168CE0456}.DebugLocal|Mixed Platforms.Build.0 = Debug|Any CPU
		{E65E4BF6-1EDC-450F-91DB-069168CE0456}.DebugLocal|x86.ActiveCfg = Debug|Any CPU
		{E65E4BF6-1EDC-450F-91DB-069168CE0456}.Production|Any CPU.ActiveCfg = Release|Any CPU
		{E65E4BF6-1EDC-450F-91DB-069168CE0456}.Production|Any CPU.Build.0 = Release|Any CPU
		{E65E4BF6-1EDC-450F-91DB-069168CE0456}.Production|Mixed Platforms.ActiveCfg = Release|Any CPU
		{E65E4BF6-1EDC-450F-91DB-069168CE0456}.Production|Mixed Platforms.Build.0 = Release|Any CPU
		{E65E4BF6-1EDC-450F-91DB-069168CE0456}.Production|x86.ActiveCfg = Release|Any CPU
		{E65E4BF6-1EDC-450F-91DB-069168CE0456}.Release|Any CPU.ActiveCfg = Release|Any CPU
		{E65E4BF6-1EDC-450F-91DB-069168CE0456}.Release|Any CPU.Build.0 = Release|Any CPU
		{E65E4BF6-1EDC-450F-91DB-069168CE0456}.Release|Mixed Platforms.ActiveCfg = Release|Any CPU
		{E65E4BF6-1EDC-450F-91DB-069168CE0456}.Release|Mixed Platforms.Build.0 = Release|Any CPU
		{E65E4BF6-1EDC-450F-91DB-069168CE0456}.Release|x86.ActiveCfg = Release|Any CPU
		{E65E4BF6-1EDC-450F-91DB-069168CE0456}.Release|x86.Build.0 = Release|Any CPU
		{9FF13DC3-C14C-4CF7-9E41-70F5ABA25925}.Debug|Any CPU.ActiveCfg = Debug|Any CPU
		{9FF13DC3-C14C-4CF7-9E41-70F5ABA25925}.Debug|Any CPU.Build.0 = Debug|Any CPU
		{9FF13DC3-C14C-4CF7-9E41-70F5ABA25925}.Debug|Mixed Platforms.ActiveCfg = Debug|Any CPU
		{9FF13DC3-C14C-4CF7-9E41-70F5ABA25925}.Debug|Mixed Platforms.Build.0 = Debug|Any CPU
		{9FF13DC3-C14C-4CF7-9E41-70F5ABA25925}.Debug|x86.ActiveCfg = Debug|Any CPU
		{9FF13DC3-C14C-4CF7-9E41-70F5ABA25925}.Debug|x86.Build.0 = Debug|Any CPU
		{9FF13DC3-C14C-4CF7-9E41-70F5ABA25925}.DebugLocal|Any CPU.ActiveCfg = Debug|Any CPU
		{9FF13DC3-C14C-4CF7-9E41-70F5ABA25925}.DebugLocal|Any CPU.Build.0 = Debug|Any CPU
		{9FF13DC3-C14C-4CF7-9E41-70F5ABA25925}.DebugLocal|Mixed Platforms.ActiveCfg = Debug|Any CPU
		{9FF13DC3-C14C-4CF7-9E41-70F5ABA25925}.DebugLocal|Mixed Platforms.Build.0 = Debug|Any CPU
		{9FF13DC3-C14C-4CF7-9E41-70F5ABA25925}.DebugLocal|x86.ActiveCfg = Debug|Any CPU
		{9FF13DC3-C14C-4CF7-9E41-70F5ABA25925}.Production|Any CPU.ActiveCfg = Release|Any CPU
		{9FF13DC3-C14C-4CF7-9E41-70F5ABA25925}.Production|Any CPU.Build.0 = Release|Any CPU
		{9FF13DC3-C14C-4CF7-9E41-70F5ABA25925}.Production|Mixed Platforms.ActiveCfg = Release|Any CPU
		{9FF13DC3-C14C-4CF7-9E41-70F5ABA25925}.Production|Mixed Platforms.Build.0 = Release|Any CPU
		{9FF13DC3-C14C-4CF7-9E41-70F5ABA25925}.Production|x86.ActiveCfg = Release|Any CPU
		{9FF13DC3-C14C-4CF7-9E41-70F5ABA25925}.Release|Any CPU.ActiveCfg = Release|Any CPU
		{9FF13DC3-C14C-4CF7-9E41-70F5ABA25925}.Release|Any CPU.Build.0 = Release|Any CPU
		{9FF13DC3-C14C-4CF7-9E41-70F5ABA25925}.Release|Mixed Platforms.ActiveCfg = Release|Any CPU
		{9FF13DC3-C14C-4CF7-9E41-70F5ABA25925}.Release|Mixed Platforms.Build.0 = Release|Any CPU
		{9FF13DC3-C14C-4CF7-9E41-70F5ABA25925}.Release|x86.ActiveCfg = Release|Any CPU
		{9FF13DC3-C14C-4CF7-9E41-70F5ABA25925}.Release|x86.Build.0 = Release|Any CPU
		{DDD29A70-6F70-499C-9AE9-2A024449FB8E}.Debug|Any CPU.ActiveCfg = Debug|x86
		{DDD29A70-6F70-499C-9AE9-2A024449FB8E}.Debug|Mixed Platforms.ActiveCfg = Debug|x86
		{DDD29A70-6F70-499C-9AE9-2A024449FB8E}.Debug|Mixed Platforms.Build.0 = Debug|x86
		{DDD29A70-6F70-499C-9AE9-2A024449FB8E}.Debug|x86.ActiveCfg = Debug|x86
		{DDD29A70-6F70-499C-9AE9-2A024449FB8E}.Debug|x86.Build.0 = Debug|x86
		{DDD29A70-6F70-499C-9AE9-2A024449FB8E}.DebugLocal|Any CPU.ActiveCfg = Debug|x86
		{DDD29A70-6F70-499C-9AE9-2A024449FB8E}.DebugLocal|Mixed Platforms.ActiveCfg = Debug|x86
		{DDD29A70-6F70-499C-9AE9-2A024449FB8E}.DebugLocal|Mixed Platforms.Build.0 = Debug|x86
		{DDD29A70-6F70-499C-9AE9-2A024449FB8E}.DebugLocal|x86.ActiveCfg = Debug|x86
		{DDD29A70-6F70-499C-9AE9-2A024449FB8E}.DebugLocal|x86.Build.0 = Debug|x86
		{DDD29A70-6F70-499C-9AE9-2A024449FB8E}.Production|Any CPU.ActiveCfg = Release|x86
		{DDD29A70-6F70-499C-9AE9-2A024449FB8E}.Production|Mixed Platforms.ActiveCfg = Release|x86
		{DDD29A70-6F70-499C-9AE9-2A024449FB8E}.Production|Mixed Platforms.Build.0 = Release|x86
		{DDD29A70-6F70-499C-9AE9-2A024449FB8E}.Production|x86.ActiveCfg = Release|x86
		{DDD29A70-6F70-499C-9AE9-2A024449FB8E}.Production|x86.Build.0 = Release|x86
		{DDD29A70-6F70-499C-9AE9-2A024449FB8E}.Release|Any CPU.ActiveCfg = Release|x86
		{DDD29A70-6F70-499C-9AE9-2A024449FB8E}.Release|Any CPU.Build.0 = Release|x86
		{DDD29A70-6F70-499C-9AE9-2A024449FB8E}.Release|Mixed Platforms.ActiveCfg = Release|x86
		{DDD29A70-6F70-499C-9AE9-2A024449FB8E}.Release|Mixed Platforms.Build.0 = Release|x86
		{DDD29A70-6F70-499C-9AE9-2A024449FB8E}.Release|x86.ActiveCfg = Release|x86
		{DDD29A70-6F70-499C-9AE9-2A024449FB8E}.Release|x86.Build.0 = Release|x86
		{A740018B-A2CC-47B8-AB35-60E2759AA9AC}.Debug|Any CPU.ActiveCfg = Debug|Any CPU
		{A740018B-A2CC-47B8-AB35-60E2759AA9AC}.Debug|Any CPU.Build.0 = Debug|Any CPU
		{A740018B-A2CC-47B8-AB35-60E2759AA9AC}.Debug|Mixed Platforms.ActiveCfg = Debug|Any CPU
		{A740018B-A2CC-47B8-AB35-60E2759AA9AC}.Debug|Mixed Platforms.Build.0 = Debug|Any CPU
		{A740018B-A2CC-47B8-AB35-60E2759AA9AC}.Debug|x86.ActiveCfg = Debug|Any CPU
		{A740018B-A2CC-47B8-AB35-60E2759AA9AC}.Debug|x86.Build.0 = Debug|Any CPU
		{A740018B-A2CC-47B8-AB35-60E2759AA9AC}.DebugLocal|Any CPU.ActiveCfg = Debug|Any CPU
		{A740018B-A2CC-47B8-AB35-60E2759AA9AC}.DebugLocal|Any CPU.Build.0 = Debug|Any CPU
		{A740018B-A2CC-47B8-AB35-60E2759AA9AC}.DebugLocal|Mixed Platforms.ActiveCfg = Debug|Any CPU
		{A740018B-A2CC-47B8-AB35-60E2759AA9AC}.DebugLocal|Mixed Platforms.Build.0 = Debug|Any CPU
		{A740018B-A2CC-47B8-AB35-60E2759AA9AC}.DebugLocal|x86.ActiveCfg = Debug|Any CPU
		{A740018B-A2CC-47B8-AB35-60E2759AA9AC}.Production|Any CPU.ActiveCfg = Release|Any CPU
		{A740018B-A2CC-47B8-AB35-60E2759AA9AC}.Production|Any CPU.Build.0 = Release|Any CPU
		{A740018B-A2CC-47B8-AB35-60E2759AA9AC}.Production|Mixed Platforms.ActiveCfg = Release|Any CPU
		{A740018B-A2CC-47B8-AB35-60E2759AA9AC}.Production|Mixed Platforms.Build.0 = Release|Any CPU
		{A740018B-A2CC-47B8-AB35-60E2759AA9AC}.Production|x86.ActiveCfg = Release|Any CPU
		{A740018B-A2CC-47B8-AB35-60E2759AA9AC}.Release|Any CPU.ActiveCfg = Release|Any CPU
		{A740018B-A2CC-47B8-AB35-60E2759AA9AC}.Release|Any CPU.Build.0 = Release|Any CPU
		{A740018B-A2CC-47B8-AB35-60E2759AA9AC}.Release|Mixed Platforms.ActiveCfg = Release|Any CPU
		{A740018B-A2CC-47B8-AB35-60E2759AA9AC}.Release|Mixed Platforms.Build.0 = Release|Any CPU
		{A740018B-A2CC-47B8-AB35-60E2759AA9AC}.Release|x86.ActiveCfg = Release|Any CPU
		{A740018B-A2CC-47B8-AB35-60E2759AA9AC}.Release|x86.Build.0 = Release|Any CPU
		{11D286CB-520E-49AD-9E49-008F39EC4E57}.Debug|Any CPU.ActiveCfg = Debug|Any CPU
		{11D286CB-520E-49AD-9E49-008F39EC4E57}.Debug|Any CPU.Build.0 = Debug|Any CPU
		{11D286CB-520E-49AD-9E49-008F39EC4E57}.Debug|Mixed Platforms.ActiveCfg = Debug|Any CPU
		{11D286CB-520E-49AD-9E49-008F39EC4E57}.Debug|Mixed Platforms.Build.0 = Debug|Any CPU
		{11D286CB-520E-49AD-9E49-008F39EC4E57}.Debug|x86.ActiveCfg = Debug|Any CPU
		{11D286CB-520E-49AD-9E49-008F39EC4E57}.Debug|x86.Build.0 = Debug|Any CPU
		{11D286CB-520E-49AD-9E49-008F39EC4E57}.DebugLocal|Any CPU.ActiveCfg = Debug|Any CPU
		{11D286CB-520E-49AD-9E49-008F39EC4E57}.DebugLocal|Any CPU.Build.0 = Debug|Any CPU
		{11D286CB-520E-49AD-9E49-008F39EC4E57}.DebugLocal|Mixed Platforms.ActiveCfg = Debug|Any CPU
		{11D286CB-520E-49AD-9E49-008F39EC4E57}.DebugLocal|Mixed Platforms.Build.0 = Debug|Any CPU
		{11D286CB-520E-49AD-9E49-008F39EC4E57}.DebugLocal|x86.ActiveCfg = Debug|Any CPU
		{11D286CB-520E-49AD-9E49-008F39EC4E57}.Production|Any CPU.ActiveCfg = Release|Any CPU
		{11D286CB-520E-49AD-9E49-008F39EC4E57}.Production|Any CPU.Build.0 = Release|Any CPU
		{11D286CB-520E-49AD-9E49-008F39EC4E57}.Production|Mixed Platforms.ActiveCfg = Release|Any CPU
		{11D286CB-520E-49AD-9E49-008F39EC4E57}.Production|Mixed Platforms.Build.0 = Release|Any CPU
		{11D286CB-520E-49AD-9E49-008F39EC4E57}.Production|x86.ActiveCfg = Release|Any CPU
		{11D286CB-520E-49AD-9E49-008F39EC4E57}.Release|Any CPU.ActiveCfg = Release|Any CPU
		{11D286CB-520E-49AD-9E49-008F39EC4E57}.Release|Any CPU.Build.0 = Release|Any CPU
		{11D286CB-520E-49AD-9E49-008F39EC4E57}.Release|Mixed Platforms.ActiveCfg = Release|Any CPU
		{11D286CB-520E-49AD-9E49-008F39EC4E57}.Release|Mixed Platforms.Build.0 = Release|Any CPU
		{11D286CB-520E-49AD-9E49-008F39EC4E57}.Release|x86.ActiveCfg = Release|Any CPU
		{11D286CB-520E-49AD-9E49-008F39EC4E57}.Release|x86.Build.0 = Release|Any CPU
		{98BC9749-DA7E-4080-8F33-BF4CDBA9E446}.Debug|Any CPU.ActiveCfg = Debug|Any CPU
		{98BC9749-DA7E-4080-8F33-BF4CDBA9E446}.Debug|Any CPU.Build.0 = Debug|Any CPU
		{98BC9749-DA7E-4080-8F33-BF4CDBA9E446}.Debug|Mixed Platforms.ActiveCfg = Debug|Any CPU
		{98BC9749-DA7E-4080-8F33-BF4CDBA9E446}.Debug|Mixed Platforms.Build.0 = Debug|Any CPU
		{98BC9749-DA7E-4080-8F33-BF4CDBA9E446}.Debug|x86.ActiveCfg = Debug|Any CPU
		{98BC9749-DA7E-4080-8F33-BF4CDBA9E446}.Debug|x86.Build.0 = Debug|Any CPU
		{98BC9749-DA7E-4080-8F33-BF4CDBA9E446}.DebugLocal|Any CPU.ActiveCfg = Debug|Any CPU
		{98BC9749-DA7E-4080-8F33-BF4CDBA9E446}.DebugLocal|Any CPU.Build.0 = Debug|Any CPU
		{98BC9749-DA7E-4080-8F33-BF4CDBA9E446}.DebugLocal|Mixed Platforms.ActiveCfg = Debug|Any CPU
		{98BC9749-DA7E-4080-8F33-BF4CDBA9E446}.DebugLocal|Mixed Platforms.Build.0 = Debug|Any CPU
		{98BC9749-DA7E-4080-8F33-BF4CDBA9E446}.DebugLocal|x86.ActiveCfg = Debug|Any CPU
		{98BC9749-DA7E-4080-8F33-BF4CDBA9E446}.Production|Any CPU.ActiveCfg = Release|Any CPU
		{98BC9749-DA7E-4080-8F33-BF4CDBA9E446}.Production|Any CPU.Build.0 = Release|Any CPU
		{98BC9749-DA7E-4080-8F33-BF4CDBA9E446}.Production|Mixed Platforms.ActiveCfg = Release|Any CPU
		{98BC9749-DA7E-4080-8F33-BF4CDBA9E446}.Production|Mixed Platforms.Build.0 = Release|Any CPU
		{98BC9749-DA7E-4080-8F33-BF4CDBA9E446}.Production|x86.ActiveCfg = Release|Any CPU
		{98BC9749-DA7E-4080-8F33-BF4CDBA9E446}.Release|Any CPU.ActiveCfg = Release|Any CPU
		{98BC9749-DA7E-4080-8F33-BF4CDBA9E446}.Release|Any CPU.Build.0 = Release|Any CPU
		{98BC9749-DA7E-4080-8F33-BF4CDBA9E446}.Release|Mixed Platforms.ActiveCfg = Release|Any CPU
		{98BC9749-DA7E-4080-8F33-BF4CDBA9E446}.Release|Mixed Platforms.Build.0 = Release|Any CPU
		{98BC9749-DA7E-4080-8F33-BF4CDBA9E446}.Release|x86.ActiveCfg = Release|Any CPU
		{98BC9749-DA7E-4080-8F33-BF4CDBA9E446}.Release|x86.Build.0 = Release|Any CPU
		{6C31551C-21F8-4F04-B98B-569A214417A0}.Debug|Any CPU.ActiveCfg = Debug|x86
		{6C31551C-21F8-4F04-B98B-569A214417A0}.Debug|Mixed Platforms.ActiveCfg = Debug|x86
		{6C31551C-21F8-4F04-B98B-569A214417A0}.Debug|Mixed Platforms.Build.0 = Debug|x86
		{6C31551C-21F8-4F04-B98B-569A214417A0}.Debug|x86.ActiveCfg = Debug|x86
		{6C31551C-21F8-4F04-B98B-569A214417A0}.Debug|x86.Build.0 = Debug|x86
		{6C31551C-21F8-4F04-B98B-569A214417A0}.DebugLocal|Any CPU.ActiveCfg = Debug|x86
		{6C31551C-21F8-4F04-B98B-569A214417A0}.DebugLocal|Mixed Platforms.ActiveCfg = Debug|x86
		{6C31551C-21F8-4F04-B98B-569A214417A0}.DebugLocal|Mixed Platforms.Build.0 = Debug|x86
		{6C31551C-21F8-4F04-B98B-569A214417A0}.DebugLocal|x86.ActiveCfg = Debug|x86
		{6C31551C-21F8-4F04-B98B-569A214417A0}.DebugLocal|x86.Build.0 = Debug|x86
		{6C31551C-21F8-4F04-B98B-569A214417A0}.Production|Any CPU.ActiveCfg = Release|x86
		{6C31551C-21F8-4F04-B98B-569A214417A0}.Production|Mixed Platforms.ActiveCfg = Release|x86
		{6C31551C-21F8-4F04-B98B-569A214417A0}.Production|Mixed Platforms.Build.0 = Release|x86
		{6C31551C-21F8-4F04-B98B-569A214417A0}.Production|x86.ActiveCfg = Release|x86
		{6C31551C-21F8-4F04-B98B-569A214417A0}.Production|x86.Build.0 = Release|x86
		{6C31551C-21F8-4F04-B98B-569A214417A0}.Release|Any CPU.ActiveCfg = Release|x86
		{6C31551C-21F8-4F04-B98B-569A214417A0}.Release|Mixed Platforms.ActiveCfg = Release|x86
		{6C31551C-21F8-4F04-B98B-569A214417A0}.Release|Mixed Platforms.Build.0 = Release|x86
		{6C31551C-21F8-4F04-B98B-569A214417A0}.Release|x86.ActiveCfg = Release|x86
		{6C31551C-21F8-4F04-B98B-569A214417A0}.Release|x86.Build.0 = Release|x86
		{0B18A4B5-1586-4FF7-8296-18197204F03B}.Debug|Any CPU.ActiveCfg = Debug
		{0B18A4B5-1586-4FF7-8296-18197204F03B}.Debug|Any CPU.Build.0 = Debug
		{0B18A4B5-1586-4FF7-8296-18197204F03B}.Debug|Mixed Platforms.ActiveCfg = Debug
		{0B18A4B5-1586-4FF7-8296-18197204F03B}.Debug|Mixed Platforms.Build.0 = Debug
		{0B18A4B5-1586-4FF7-8296-18197204F03B}.Debug|x86.ActiveCfg = Debug
		{0B18A4B5-1586-4FF7-8296-18197204F03B}.DebugLocal|Any CPU.ActiveCfg = Debug
		{0B18A4B5-1586-4FF7-8296-18197204F03B}.DebugLocal|Any CPU.Build.0 = Debug
		{0B18A4B5-1586-4FF7-8296-18197204F03B}.DebugLocal|Mixed Platforms.ActiveCfg = Debug
		{0B18A4B5-1586-4FF7-8296-18197204F03B}.DebugLocal|Mixed Platforms.Build.0 = Debug
		{0B18A4B5-1586-4FF7-8296-18197204F03B}.DebugLocal|x86.ActiveCfg = Debug
		{0B18A4B5-1586-4FF7-8296-18197204F03B}.DebugLocal|x86.Build.0 = Debug
		{0B18A4B5-1586-4FF7-8296-18197204F03B}.Production|Any CPU.ActiveCfg = Release
		{0B18A4B5-1586-4FF7-8296-18197204F03B}.Production|Any CPU.Build.0 = Release
		{0B18A4B5-1586-4FF7-8296-18197204F03B}.Production|Mixed Platforms.ActiveCfg = Release
		{0B18A4B5-1586-4FF7-8296-18197204F03B}.Production|Mixed Platforms.Build.0 = Release
		{0B18A4B5-1586-4FF7-8296-18197204F03B}.Production|x86.ActiveCfg = Release
		{0B18A4B5-1586-4FF7-8296-18197204F03B}.Production|x86.Build.0 = Release
		{0B18A4B5-1586-4FF7-8296-18197204F03B}.Release|Any CPU.ActiveCfg = Release
		{0B18A4B5-1586-4FF7-8296-18197204F03B}.Release|Any CPU.Build.0 = Release
		{0B18A4B5-1586-4FF7-8296-18197204F03B}.Release|Mixed Platforms.ActiveCfg = Release
		{0B18A4B5-1586-4FF7-8296-18197204F03B}.Release|Mixed Platforms.Build.0 = Release
		{0B18A4B5-1586-4FF7-8296-18197204F03B}.Release|x86.ActiveCfg = Release
		{0B18A4B5-1586-4FF7-8296-18197204F03B}.Release|x86.Build.0 = Release
	EndGlobalSection
	GlobalSection(SolutionProperties) = preSolution
		HideSolutionNode = FALSE
	EndGlobalSection
EndGlobal
