
Microsoft Visual Studio Solution File, Format Version 12.00
# Visual Studio 2013
VisualStudioVersion = 12.0.30501.0
MinimumVisualStudioVersion = 10.0.40219.1
Project("{FAE04EC0-301F-11D3-BF4B-00C04F79EFBC}") = "WorkstationUI", "WorkstationUI\WorkstationUI.csproj", "{04295024-0F29-4E3C-991D-8A94600018F2}"
EndProject
Project("{FAE04EC0-301F-11D3-BF4B-00C04F79EFBC}") = "WorkstationModel", "WorkstationModel\WorkstationModel.csproj", "{D185234B-786C-4C40-BAFA-8D7AEA2F89B5}"
EndProject
Project("{FAE04EC0-301F-11D3-BF4B-00C04F79EFBC}") = "WorkstationBLL", "WorkstationBLL\WorkstationBLL.csproj", "{B17A72CB-3B9E-42EA-BAD8-5A1C6303A29D}"
EndProject
Project("{FAE04EC0-301F-11D3-BF4B-00C04F79EFBC}") = "WorkstationDAL", "WorkstationDAL\WorkstationDAL.csproj", "{B8F89C30-4CC3-4CF9-9441-BE212B0BAAE5}"
EndProject
Project("{54435603-DBB4-11D2-8724-00A0C9A8B90C}") = "Setup2", "Setup2\Setup2.vdproj", "{597D2E2D-090A-4A4C-9DE9-1A410E6585E7}"
EndProject
Project("{6141683F-8A12-4E36-9623-2EB02B2C2303}") = "Setup", "Setup\Setup.isproj", "{C0275F62-351F-4594-A2B7-189AFA8AE4AB}"
EndProject
Global
	GlobalSection(SolutionConfigurationPlatforms) = preSolution
		CD_ROM|Any CPU = CD_ROM|Any CPU
		Debug|Any CPU = Debug|Any CPU
		DVD-5|Any CPU = DVD-5|Any CPU
		Release|Any CPU = Release|Any CPU
		SingleImage|Any CPU = SingleImage|Any CPU
	EndGlobalSection
	GlobalSection(ProjectConfigurationPlatforms) = postSolution
		{04295024-0F29-4E3C-991D-8A94600018F2}.CD_ROM|Any CPU.ActiveCfg = Release|Any CPU
		{04295024-0F29-4E3C-991D-8A94600018F2}.CD_ROM|Any CPU.Build.0 = Release|Any CPU
		{04295024-0F29-4E3C-991D-8A94600018F2}.Debug|Any CPU.ActiveCfg = Debug|Any CPU
		{04295024-0F29-4E3C-991D-8A94600018F2}.Debug|Any CPU.Build.0 = Debug|Any CPU
		{04295024-0F29-4E3C-991D-8A94600018F2}.DVD-5|Any CPU.ActiveCfg = Debug|Any CPU
		{04295024-0F29-4E3C-991D-8A94600018F2}.DVD-5|Any CPU.Build.0 = Debug|Any CPU
		{04295024-0F29-4E3C-991D-8A94600018F2}.Release|Any CPU.ActiveCfg = Release|Any CPU
		{04295024-0F29-4E3C-991D-8A94600018F2}.Release|Any CPU.Build.0 = Release|Any CPU
		{04295024-0F29-4E3C-991D-8A94600018F2}.SingleImage|Any CPU.ActiveCfg = Release|Any CPU
		{04295024-0F29-4E3C-991D-8A94600018F2}.SingleImage|Any CPU.Build.0 = Release|Any CPU
		{D185234B-786C-4C40-BAFA-8D7AEA2F89B5}.CD_ROM|Any CPU.ActiveCfg = Release|Any CPU
		{D185234B-786C-4C40-BAFA-8D7AEA2F89B5}.CD_ROM|Any CPU.Build.0 = Release|Any CPU
		{D185234B-786C-4C40-BAFA-8D7AEA2F89B5}.Debug|Any CPU.ActiveCfg = Debug|Any CPU
		{D185234B-786C-4C40-BAFA-8D7AEA2F89B5}.Debug|Any CPU.Build.0 = Debug|Any CPU
		{D185234B-786C-4C40-BAFA-8D7AEA2F89B5}.DVD-5|Any CPU.ActiveCfg = Debug|Any CPU
		{D185234B-786C-4C40-BAFA-8D7AEA2F89B5}.DVD-5|Any CPU.Build.0 = Debug|Any CPU
		{D185234B-786C-4C40-BAFA-8D7AEA2F89B5}.Release|Any CPU.ActiveCfg = Release|Any CPU
		{D185234B-786C-4C40-BAFA-8D7AEA2F89B5}.Release|Any CPU.Build.0 = Release|Any CPU
		{D185234B-786C-4C40-BAFA-8D7AEA2F89B5}.SingleImage|Any CPU.ActiveCfg = Release|Any CPU
		{D185234B-786C-4C40-BAFA-8D7AEA2F89B5}.SingleImage|Any CPU.Build.0 = Release|Any CPU
		{B17A72CB-3B9E-42EA-BAD8-5A1C6303A29D}.CD_ROM|Any CPU.ActiveCfg = Release|Any CPU
		{B17A72CB-3B9E-42EA-BAD8-5A1C6303A29D}.CD_ROM|Any CPU.Build.0 = Release|Any CPU
		{B17A72CB-3B9E-42EA-BAD8-5A1C6303A29D}.Debug|Any CPU.ActiveCfg = Debug|Any CPU
		{B17A72CB-3B9E-42EA-BAD8-5A1C6303A29D}.Debug|Any CPU.Build.0 = Debug|Any CPU
		{B17A72CB-3B9E-42EA-BAD8-5A1C6303A29D}.DVD-5|Any CPU.ActiveCfg = Debug|Any CPU
		{B17A72CB-3B9E-42EA-BAD8-5A1C6303A29D}.DVD-5|Any CPU.Build.0 = Debug|Any CPU
		{B17A72CB-3B9E-42EA-BAD8-5A1C6303A29D}.Release|Any CPU.ActiveCfg = Release|Any CPU
		{B17A72CB-3B9E-42EA-BAD8-5A1C6303A29D}.Release|Any CPU.Build.0 = Release|Any CPU
		{B17A72CB-3B9E-42EA-BAD8-5A1C6303A29D}.SingleImage|Any CPU.ActiveCfg = Release|Any CPU
		{B17A72CB-3B9E-42EA-BAD8-5A1C6303A29D}.SingleImage|Any CPU.Build.0 = Release|Any CPU
		{B8F89C30-4CC3-4CF9-9441-BE212B0BAAE5}.CD_ROM|Any CPU.ActiveCfg = Release|Any CPU
		{B8F89C30-4CC3-4CF9-9441-BE212B0BAAE5}.CD_ROM|Any CPU.Build.0 = Release|Any CPU
		{B8F89C30-4CC3-4CF9-9441-BE212B0BAAE5}.Debug|Any CPU.ActiveCfg = Debug|Any CPU
		{B8F89C30-4CC3-4CF9-9441-BE212B0BAAE5}.Debug|Any CPU.Build.0 = Debug|Any CPU
		{B8F89C30-4CC3-4CF9-9441-BE212B0BAAE5}.DVD-5|Any CPU.ActiveCfg = Debug|Any CPU
		{B8F89C30-4CC3-4CF9-9441-BE212B0BAAE5}.DVD-5|Any CPU.Build.0 = Debug|Any CPU
		{B8F89C30-4CC3-4CF9-9441-BE212B0BAAE5}.Release|Any CPU.ActiveCfg = Release|Any CPU
		{B8F89C30-4CC3-4CF9-9441-BE212B0BAAE5}.Release|Any CPU.Build.0 = Release|Any CPU
		{B8F89C30-4CC3-4CF9-9441-BE212B0BAAE5}.SingleImage|Any CPU.ActiveCfg = Release|Any CPU
		{B8F89C30-4CC3-4CF9-9441-BE212B0BAAE5}.SingleImage|Any CPU.Build.0 = Release|Any CPU
		{597D2E2D-090A-4A4C-9DE9-1A410E6585E7}.CD_ROM|Any CPU.ActiveCfg = Release
		{597D2E2D-090A-4A4C-9DE9-1A410E6585E7}.Debug|Any CPU.ActiveCfg = Debug
		{597D2E2D-090A-4A4C-9DE9-1A410E6585E7}.DVD-5|Any CPU.ActiveCfg = Debug
		{597D2E2D-090A-4A4C-9DE9-1A410E6585E7}.Release|Any CPU.ActiveCfg = Release
		{597D2E2D-090A-4A4C-9DE9-1A410E6585E7}.SingleImage|Any CPU.ActiveCfg = Release
		{C0275F62-351F-4594-A2B7-189AFA8AE4AB}.CD_ROM|Any CPU.ActiveCfg = CD_ROM
		{C0275F62-351F-4594-A2B7-189AFA8AE4AB}.CD_ROM|Any CPU.Build.0 = CD_ROM
		{C0275F62-351F-4594-A2B7-189AFA8AE4AB}.Debug|Any CPU.ActiveCfg = SingleImage
		{C0275F62-351F-4594-A2B7-189AFA8AE4AB}.Debug|Any CPU.Build.0 = SingleImage
		{C0275F62-351F-4594-A2B7-189AFA8AE4AB}.DVD-5|Any CPU.ActiveCfg = DVD-5
		{C0275F62-351F-4594-A2B7-189AFA8AE4AB}.DVD-5|Any CPU.Build.0 = DVD-5
		{C0275F62-351F-4594-A2B7-189AFA8AE4AB}.Release|Any CPU.ActiveCfg = SingleImage
		{C0275F62-351F-4594-A2B7-189AFA8AE4AB}.Release|Any CPU.Build.0 = SingleImage
		{C0275F62-351F-4594-A2B7-189AFA8AE4AB}.SingleImage|Any CPU.ActiveCfg = SingleImage
		{C0275F62-351F-4594-A2B7-189AFA8AE4AB}.SingleImage|Any CPU.Build.0 = SingleImage
	EndGlobalSection
	GlobalSection(SolutionProperties) = preSolution
		HideSolutionNode = FALSE
	EndGlobalSection
EndGlobal
